version = 1
revision = 3
requires-python = ">=3.13"

[[package]]
name = "baseball"
version = "0.1.0"
source = { virtual = "." }
dependencies = [
    { name = "certifi" },
    { name = "charset-normalizer" },
    { name = "idna" },
    { name = "mlb-statsapi" },
    { name = "psycopg2-binary" },
    { name = "requests" },
    { name = "tenacity" },
    { name = "tqdm" },
    { name = "urllib3" },
]

[package.dev-dependencies]
dev = [
    { name = "pytest" },
    { name = "ruff" },
    { name = "ty" },
]

[package.metadata]
requires-dist = [
    { name = "certifi", specifier = "==2025.1.31" },
    { name = "charset-normalizer", specifier = "==3.4.1" },
    { name = "idna", specifier = "==3.10" },
    { name = "mlb-statsapi", specifier = "==1.9.0" },
    { name = "psycopg2-binary", specifier = "==2.9.10" },
    { name = "requests", specifier = "==2.32.3" },
    { name = "tenacity", specifier = "==9.1.2" },
    { name = "tqdm", specifier = "==4.67.1" },
    { name = "urllib3", specifier = "==2.3.0" },
]

[package.metadata.requires-dev]
dev = [
    { name = "pytest", specifier = ">=9.1.1" },
    { name = "ruff", specifier = ">=0.16.8" },
    { name = "ty", specifier = ">=0.0.81" },
]

[[package]]
name = "certifi"
version = "2025.1.31"
source = { registry = "https://pypi.org/simple" }
sdist = { url = "https://files.pythonhosted.org/packages/1c/ab/c9f1e32b7b1bf505bf26f0ef697775960db7932abeb7b516de930ba2705f/certifi-2025.1.31.tar.gz", hash = "sha256:3d5da6925056f6f18f119200434a4780a94263f10d1c21d032a6f6b2baa20651", size = 167577, upload-time = "2025-01-31T02:16:47.166Z" }
wheels = [
    { url = "https://files.pythonhosted.org/packages/38/fc/bce832fd4fd99766c04d1ee0eead6b0ec6486fb100ae5e74c1d91292b982/certifi-2025.1.31-py3-none-any.whl", hash = "sha256:ca78db4565a652026a4db2bcdf68f2fb589ea80d0be70e03929ed730746b84fe", size = 166393, upload-time = "2025-01-31T02:16:45.015Z" },
]

[[package]]
name = "charset-normalizer"
version = "3.4.1"
source = { registry = "https://pypi.org/simple" }
sdist = { url = "https://files.pythonhosted.org/packages/16/b0/572805e227f01586461c80e0fd25d65a2115599cc9dad142fee4b747c357/charset_normalizer-3.4.1.tar.gz", hash = "sha256:44251f18cd68a75b56585dd00dae26183e102cd5e0f9f1466e6df5da2ed64ea3", size = 123188, upload-time = "2024-12-24T18:12:35.43Z" }
wheels = [
    { url = "https://files.pythonhosted.org/packages/38/94/ce8e6f63d18049672c76d07d119304e1e2d7c6098f0841b51c666e9f44a0/charset_normalizer-3.4.1-cp313-cp313-macosx_10_13_universal2.whl", hash = "sha256:aabfa34badd18f1da5ec1bc2715cadc8dca465868a4e73a0173466b688f29dda", size = 195698, upload-time = "2024-12-24T18:11:05.834Z" },
    { url = "https://files.pythonhosted.org/packages/24/2e/dfdd9770664aae179a96561cc6952ff08f9a8cd09a908f259a9dfa063568/charset_normalizer-3.4.1-cp313-cp313-manylinux_2_17_aarch64.manylinux2014_aarch64.whl", hash = "sha256:22e14b5d70560b8dd51ec22863f370d1e595ac3d024cb8ad7d308b4cd95f8313", size = 140162, upload-time = "2024-12-24T18:11:07.064Z" },
    { url = "https://files.pythonhosted.org/packages/24/4e/f646b9093cff8fc86f2d60af2de4dc17c759de9d554f130b140ea4738ca6/charset_normalizer-3.4.1-cp313-cp313-manylinux_2_17_ppc64le.manylinux2014_ppc64le.whl", hash = "sha256:8436c508b408b82d87dc5f62496973a1805cd46727c34440b0d29d8a2f50a6c9", size = 150263, upload-time = "2024-12-24T18:11:08.374Z" },
    { url = "https://files.pythonhosted.org/packages/5e/67/2937f8d548c3ef6e2f9aab0f6e21001056f692d43282b165e7c56023e6dd/charset_normalizer-3.4.1-cp313-cp313-manylinux_2_17_s390x.manylinux2014_s390x.whl", hash = "sha256:2d074908e1aecee37a7635990b2c6d504cd4766c7bc9fc86d63f9c09af3fa11b", size = 142966, upload-time = "2024-12-24T18:11:09.831Z" },
    { url = "https://files.pythonhosted.org/packages/52/ed/b7f4f07de100bdb95c1756d3a4d17b90c1a3c53715c1a476f8738058e0fa/charset_normalizer-3.4.1-cp313-cp313-manylinux_2_17_x86_64.manylinux2014_x86_64.whl", hash = "sha256:955f8851919303c92343d2f66165294848d57e9bba6cf6e3625485a70a038d11", size = 144992, upload-time = "2024-12-24T18:11:12.03Z" },
    { url = "https://files.pythonhosted.org/packages/96/2c/d49710a6dbcd3776265f4c923bb73ebe83933dfbaa841c5da850fe0fd20b/charset_normalizer-3.4.1-cp313-cp313-manylinux_2_5_i686.manylinux1_i686.manylinux_2_17_i686.manylinux2014_i686.whl", hash = "sha256:44ecbf16649486d4aebafeaa7ec4c9fed8b88101f4dd612dcaf65d5e815f837f", size = 147162, upload-time = "2024-12-24T18:11:13.372Z" },
    { url = "https://files.pythonhosted.org/packages/b4/41/35ff1f9a6bd380303dea55e44c4933b4cc3c4850988927d4082ada230273/charset_normalizer-3.4.1-cp313-cp313-musllinux_1_2_aarch64.whl", hash = "sha256:0924e81d3d5e70f8126529951dac65c1010cdf117bb75eb02dd12339b57749dd", size = 140972, upload-time = "2024-12-24T18:11:14.628Z" },
    { url = "https://files.pythonhosted.org/packages/fb/43/c6a0b685fe6910d08ba971f62cd9c3e862a85770395ba5d9cad4fede33ab/charset_normalizer-3.4.1-cp313-cp313-musllinux_1_2_i686.whl", hash = "sha256:2967f74ad52c3b98de4c3b32e1a44e32975e008a9cd2a8cc8966d6a5218c5cb2", size = 149095, upload-time = "2024-12-24T18:11:17.672Z" },
    { url = "https://files.pythonhosted.org/packages/4c/ff/a9a504662452e2d2878512115638966e75633519ec11f25fca3d2049a94a/charset_normalizer-3.4.1-cp313-cp313-musllinux_1_2_ppc64le.whl", hash = "sha256:c75cb2a3e389853835e84a2d8fb2b81a10645b503eca9bcb98df6b5a43eb8886", size = 152668, upload-time = "2024-12-24T18:11:18.989Z" },
    { url = "https://files.pythonhosted.org/packages/6c/71/189996b6d9a4b932564701628af5cee6716733e9165af1d5e1b285c530ed/charset_normalizer-3.4.1-cp313-cp313-musllinux_1_2_s390x.whl", hash = "sha256:09b26ae6b1abf0d27570633b2b078a2a20419c99d66fb2823173d73f188ce601", size = 150073, upload-time = "2024-12-24T18:11:21.507Z" },
    { url = "https://files.pythonhosted.org/packages/e4/93/946a86ce20790e11312c87c75ba68d5f6ad2208cfb52b2d6a2c32840d922/charset_normalizer-3.4.1-cp313-cp313-musllinux_1_2_x86_64.whl", hash = "sha256:fa88b843d6e211393a37219e6a1c1df99d35e8fd90446f1118f4216e307e48cd", size = 145732, upload-time = "2024-12-24T18:11:22.774Z" },
    { url = "https://files.pythonhosted.org/packages/cd/e5/131d2fb1b0dddafc37be4f3a2fa79aa4c037368be9423061dccadfd90091/charset_normalizer-3.4.1-cp313-cp313-win32.whl", hash = "sha256:eb8178fe3dba6450a3e024e95ac49ed3400e506fd4e9e5c32d30adda88cbd407", size = 95391, upload-time = "2024-12-24T18:11:24.139Z" },
    { url = "https://files.pythonhosted.org/packages/27/f2/4f9a69cc7712b9b5ad8fdb87039fd89abba997ad5cbe690d1835d40405b0/charset_normalizer-3.4.1-cp313-cp313-win_amd64.whl", hash = "sha256:b1ac5992a838106edb89654e0aebfc24f5848ae2547d22c2c3f66454daa11971", size = 102702, upload-time = "2024-12-24T18:11:26.535Z" },
    { url = "https://files.pythonhosted.org/packages/0e/f6/65ecc6878a89bb1c23a086ea335ad4bf21a588990c3f535a227b9eea9108/charset_normalizer-3.4.1-py3-none-any.whl", hash = "sha256:d98b1668f06378c6dbefec3b92299716b931cd4e6061f3c875a71ced1780ab85", size = 49767, upload-time = "2024-12-24T18:12:32.852Z" },
]

[[package]]
name = "colorama"
version = "0.4.6"
source = { registry = "https://pypi.org/simple" }
sdist = { url = "https://files.pythonhosted.org/packages/d8/53/6f443c9a4a8358a93a6792e2acffb9d9d5cb0a5cfd8802644b7b1c9a02e4/colorama-0.4.6.tar.gz", hash = "sha256:08695f5cb7ed6e0531a20572697297273c47b8cae5a63ffc6d6ed5c201be6e44", size = 27697, upload-time = "2022-10-25T02:36:22.414Z" }
wheels = [
    { url = "https://files.pythonhosted.org/packages/d1/d6/3965ed04c63042e047cb6a3e6ed1a63a35087b6a609aa3a15ed8ac56c221/colorama-0.4.6-py2.py3-none-any.whl", hash = "sha256:4f1d9991f5acc0ca119f9d443620b77f9d6b33703e51011c16baf57afb285fc6", size = 25335, upload-time = "2022-10-25T02:36:20.889Z" },
]

[[package]]
name = "idna"
version = "3.10"
source = { registry = "https://pypi.org/simple" }
sdist = { url = "https://files.pythonhosted.org/packages/f1/70/7703c29685631f5a7590aa73f1f1d3fa9a380e654b86af429e0934a32f7d/idna-3.10.tar.gz", hash = "sha256:12f65c9b470abda6dc35cf8e63cc574b1c52b11df2c86030af0ac09b01b13ea9", size = 190490, upload-time = "2024-09-15T18:07:39.745Z" }
wheels = [
    { url = "https://files.pythonhosted.org/packages/76/c6/c88e154df9c4e1a2a66ccf0005a88dfb2650c1dffb6f5ce603dfbd452ce3/idna-3.10-py3-none-any.whl", hash = "sha256:946d195a0d259cbba61165e88e65941f16e9b36ea6ddb97f00452bae8b1287d3", size = 70442, upload-time = "2024-09-15T18:07:37.964Z" },
]

[[package]]
name = "iniconfig"
version = "2.3.0"
source = { registry = "https://pypi.org/simple" }
sdist = { url = "https://files.pythonhosted.org/packages/72/34/14ca021ce8e5dfedc35312d08ba8bf51fdd999c576889fc2c24cb97f4f10/iniconfig-2.3.0.tar.gz", hash = "sha256:c76315c77db068650d49c5b56314774a7804df16fee4402c1f19d6d15d8c4730", size = 20503, upload-time = "2025-10-18T21:55:43.219Z" }
wheels = [
    { url = "https://files.pythonhosted.org/packages/cb/b1/3846dd7f199d53cb17f49cba7e651e9ce294d8497c8c150530ed11865bb8/iniconfig-2.3.0-py3-none-any.whl", hash = "sha256:f631c04d2c48c52b84d0d0549c99ff3859c98df65b3101406327ecc7d53fbf12", size = 7484, upload-time = "2025-10-18T21:55:41.639Z" },
]

[[package]]
name = "mlb-statsapi"
version = "1.9.0"
source = { registry = "https://pypi.org/simple" }
dependencies = [
    { name = "requests" },
]
sdist = { url = "https://files.pythonhosted.org/packages/6e/82/803f7679f4447eedece75ded1966b1584807ac6aa5acfeb5e4746438654f/mlb_statsapi-1.9.0.tar.gz", hash = "sha256:8d8b65080e80d1b14ac5eb7905106609b46a8571d69edb45228e408c35d8d022", size = 30567, upload-time = "2025-04-04T19:02:23.858Z" }
wheels = [
    { url = "https://files.pythonhosted.org/packages/fd/a7/0c56310db3b67b449a19a1872def21c62e15497557a5fab6e228b5da6e15/mlb_statsapi-1.9.0-py3-none-any.whl", hash = "sha256:1da5cad74588a8fdbb6d3a4928180b9b79a2edab649aba4395fa03301fa896ad", size = 31275, upload-time = "2025-04-04T19:02:22.588Z" },
]

[[package]]
name = "packaging"
version = "26.3"
source = { registry = "https://pypi.org/simple" }
sdist = { url = "https://files.pythonhosted.org/packages/7d/fa/3944b40b07da9ce895c0e6303a5ab7d53da063554f534556b134a54d6093/packaging-26.3.tar.gz", hash = "sha256:94edc256424af38762eb31306eed28beb9f0efc50a8837492c9d6fd6004aed79", size = 313412, upload-time = "2026-08-04T18:15:28.737Z" }
wheels = [
    { url = "https://files.pythonhosted.org/packages/63/34/ba1c580383c9eada3711951fef0795c80b829a078d72188184bcab9dd527/packaging-26.3-py3-none-any.whl", hash = "sha256:d7193f7c8e4e93f444fde0262bf90af30e16fa0ad0ad44cb553c87339b23cd1c", size = 129956, upload-time = "2026-08-04T18:15:27.159Z" },
]

[[package]]
name = "pluggy"
version = "1.6.0"
source = { registry = "https://pypi.org/simple" }
sdist = { url = "https://files.pythonhosted.org/packages/f9/e2/3e91f31a7d2b083fe6ef3fa267035b518369d9511ffab804f839851d2779/pluggy-1.6.0.tar.gz", hash = "sha256:7dcc130b76258d33b90f61b658791dede3486c3e6bfb003ee5c9bfb396dd22f3", size = 69412, upload-time = "2025-05-15T12:30:07.975Z" }
wheels = [
    { url = "https://files.pythonhosted.org/packages/54/20/4d324d65cc6d9205fabedc306948156824eb9f0ee1633355a8f7ec5c66bf/pluggy-1.6.0-py3-none-any.whl", hash = "sha256:e920276dd6813095e9377c0bc5566d94c932c33b27a3e3945d8389c374dd4746", size = 20538, upload-time = "2025-05-15T12:30:06.134Z" },
]

[[package]]
name = "psycopg2-binary"
version = "2.9.10"
source = { registry = "https://pypi.org/simple" }
sdist = { url = "https://files.pythonhosted.org/packages/cb/0e/bdc8274dc0585090b4e3432267d7be4dfbfd8971c0fa59167c711105a6bf/psycopg2-binary-2.9.10.tar.gz", hash = "sha256:4b3df0e6990aa98acda57d983942eff13d824135fe2250e6522edaa782a06de2", size = 385764, upload-time = "2024-10-16T11:24:58.126Z" }
wheels = [
    { url = "https://files.pythonhosted.org/packages/3e/30/d41d3ba765609c0763505d565c4d12d8f3c79793f0d0f044ff5a28bf395b/psycopg2_binary-2.9.10-cp313-cp313-macosx_12_0_x86_64.whl", hash = "sha256:26540d4a9a4e2b096f1ff9cce51253d0504dca5a85872c7f7be23be5a53eb18d", size = 3044699, upload-time = "2024-10-16T11:21:42.841Z" },
    { url = "https://files.pythonhosted.org/packages/35/44/257ddadec7ef04536ba71af6bc6a75ec05c5343004a7ec93006bee66c0bc/psycopg2_binary-2.9.10-cp313-cp313-macosx_14_0_arm64.whl", hash = "sha256:e217ce4d37667df0bc1c397fdcd8de5e81018ef305aed9415c3b093faaeb10fb", size = 3275245, upload-time = "2024-10-16T11:21:51.989Z" },
    { url = "https://files.pythonhosted.org/packages/1b/11/48ea1cd11de67f9efd7262085588790a95d9dfcd9b8a687d46caf7305c1a/psycopg2_binary-2.9.10-cp313-cp313-manylinux_2_17_aarch64.manylinux2014_aarch64.whl", hash = "sha256:245159e7ab20a71d989da00f280ca57da7641fa2cdcf71749c193cea540a74f7", size = 2851631, upload-time = "2024-10-16T11:21:57.584Z" },
    { url = "https://files.pythonhosted.org/packages/62/e0/62ce5ee650e6c86719d621a761fe4bc846ab9eff8c1f12b1ed5741bf1c9b/psycopg2_binary-2.9.10-cp313-cp313-manylinux_2_17_i686.manylinux2014_i686.whl", hash = "sha256:3c4ded1a24b20021ebe677b7b08ad10bf09aac197d6943bfe6fec70ac4e4690d", size = 3082140, upload-time = "2024-10-16T11:22:02.005Z" },
    { url = "https://files.pythonhosted.org/packages/27/ce/63f946c098611f7be234c0dd7cb1ad68b0b5744d34f68062bb3c5aa510c8/psycopg2_binary-2.9.10-cp313-cp313-manylinux_2_17_ppc64le.manylinux2014_ppc64le.whl", hash = "sha256:3abb691ff9e57d4a93355f60d4f4c1dd2d68326c968e7db17ea96df3c023ef73", size = 3264762, upload-time = "2024-10-16T11:22:06.412Z" },
    { url = "https://files.pythonhosted.org/packages/43/25/c603cd81402e69edf7daa59b1602bd41eb9859e2824b8c0855d748366ac9/psycopg2_binary-2.9.10-cp313-cp313-manylinux_2_17_x86_64.manylinux2014_x86_64.whl", hash = "sha256:8608c078134f0b3cbd9f89b34bd60a943b23fd33cc5f065e8d5f840061bd0673", size = 3020967, upload-time = "2024-10-16T11:22:11.583Z" },
    { url = "https://files.pythonhosted.org/packages/5f/d6/8708d8c6fca531057fa170cdde8df870e8b6a9b136e82b361c65e42b841e/psycopg2_binary-2.9.10-cp313-cp313-musllinux_1_2_aarch64.whl", hash = "sha256:230eeae2d71594103cd5b93fd29d1ace6420d0b86f4778739cb1a5a32f607d1f", size = 2872326, upload-time = "2024-10-16T11:22:16.406Z" },
    { url = "https://files.pythonhosted.org/packages/ce/ac/5b1ea50fc08a9df82de7e1771537557f07c2632231bbab652c7e22597908/psycopg2_binary-2.9.10-cp313-cp313-musllinux_1_2_i686.whl", hash = "sha256:bb89f0a835bcfc1d42ccd5f41f04870c1b936d8507c6df12b7737febc40f0909", size = 2822712, upload-time = "2024-10-16T11:22:21.366Z" },
    { url = "https://files.pythonhosted.org/packages/c4/fc/504d4503b2abc4570fac3ca56eb8fed5e437bf9c9ef13f36b6621db8ef00/psycopg2_binary-2.9.10-cp313-cp313-musllinux_1_2_ppc64le.whl", hash = "sha256:f0c2d907a1e102526dd2986df638343388b94c33860ff3bbe1384130828714b1", size = 2920155, upload-time = "2024-10-16T11:22:25.684Z" },
    { url = "https://files.pythonhosted.org/packages/b2/d1/323581e9273ad2c0dbd1902f3fb50c441da86e894b6e25a73c3fda32c57e/psycopg2_binary-2.9.10-cp313-cp313-musllinux_1_2_x86_64.whl", hash = "sha256:f8157bed2f51db683f31306aa497311b560f2265998122abe1dce6428bd86567", size = 2959356, upload-time = "2024-10-16T11:22:30.562Z" },
    { url = "https://files.pythonhosted.org/packages/08/50/d13ea0a054189ae1bc21af1d85b6f8bb9bbc5572991055d70ad9006fe2d6/psycopg2_binary-2.9.10-cp313-cp313-win_amd64.whl", hash = "sha256:27422aa5f11fbcd9b18da48373eb67081243662f9b46e6fd07c3eb46e4535142", size = 2569224, upload-time = "2025-01-04T20:09:19.234Z" },
]

[[package]]
name = "pygments"
version = "2.21.0"
source = { registry = "https://pypi.org/simple" }
sdist = { url = "https://files.pythonhosted.org/packages/49/2e/ced460408999b33da6b31b0021b0f37d329e202d4169aeb164493778f25b/pygments-2.21.0.tar.gz", hash = "sha256:610ca751c9bc2492b38eb9a38a7fbc93edbbb2d7182edaf34e66ae493dee5c8c", size = 5005329, upload-time = "2026-08-17T08:02:48.824Z" }
wheels = [
    { url = "https://files.pythonhosted.org/packages/71/46/17f022dd3e953bf20a04a028a21ec746d942f8d2af30fa0f124fa0e6a684/pygments-2.21.0-py3-none-any.whl", hash = "sha256:2363c69b61c4a97c838da3b130dcd6468f4848992b21a82f2a63ec34377137d9", size = 1250147, upload-time = "2026-08-17T08:02:44.912Z" },
]

[[package]]
name = "pytest"
version = "9.1.1"
source = { registry = "https://pypi.org/simple" }
dependencies = [
    { name = "colorama", marker = "sys_platform == 'win32'" },
    { name = "iniconfig" },
    { name = "packaging" },
    { name = "pluggy" },
    { name = "pygments" },
]
sdist = { url = "https://files.pythonhosted.org/packages/e4/47/b9efed96c114afcfa3c9d3fe98a76a1d14c74a9e266d397cf6eb64be5e01/pytest-9.1.1.tar.gz", hash = "sha256:1088fbde8f2b49d95a549a195707afa7a76a3ce9bcadc26b6d71f0ffda5fe313", size = 1636369, upload-time = "2026-06-19T10:58:32.857Z" }
wheels = [
    { url = "https://files.pythonhosted.org/packages/24/25/1de2678b631f5a49215c6c96fff41ba892b0a34df68d6d80292b1b48aa7f/pytest-9.1.1-py3-none-any.whl", hash = "sha256:37a86b45efb9a47a61a36449063e8e18d0cab3161329fc099eb21783169c4f0c", size = 386536, upload-time = "2026-06-19T10:58:31.347Z" },
]

[[package]]
name = "requests"
version = "2.32.3"
source = { registry = "https://pypi.org/simple" }
dependencies = [
    { name = "certifi" },
    { name = "charset-normalizer" },
    { name = "idna" },
    { name = "urllib3" },
]
sdist = { url = "https://files.pythonhosted.org/packages/63/70/2bf7780ad2d390a8d301ad0b550f1581eadbd9a20f896afe06353c2a2913/requests-2.32.3.tar.gz", hash = "sha256:55365417734eb18255590a9ff9eb97e9e1da868d4ccd6402399eaf68af20a760", size = 131218, upload-time = "2024-05-29T15:37:49.536Z" }
wheels = [
    { url = "https://files.pythonhosted.org/packages/f9/9b/335f9764261e915ed497fcdeb11df5dfd6f7bf257d4a6a2a686d80da4d54/requests-2.32.3-py3-none-any.whl", hash = "sha256:70761cfe03c773ceb22aa2f671b4757976145175cdfca038c02654d061d6dcc6", size = 64928, upload-time = "2024-05-29T15:37:47.027Z" },
]

[[package]]
name = "ruff"
version = "0.16.8"
source = { registry = "https://pypi.org/simple" }
sdist = { url = "https://files.pythonhosted.org/packages/ba/78/449cb84790bd5cc3823b2652ee405a4558856e5c4195aee3a16bf7b3eb5d/ruff-0.16.8.tar.gz", hash = "sha256:9247bf92b5f04d825c8639a4fe423ec2e4222acd9222e58412b0dab7e442798b", size = 4938814, upload-time = "2026-09-16T15:54:46.688Z" }
wheels = [
    { url = "https://files.pythonhosted.org/packages/ac/25/6071aabc530e9be7e2c195e8fe3f7aea2735405b6cf447212832d7811831/ruff-0.16.8-py3-none-linux_armv6l.whl", hash = "sha256:6ffbd6d87383c1edf5f6fa890f10200950240d7c1a16052a19a09d3a2307dd38", size = 10048966, upload-time = "2026-09-16T15:53:57.605Z" },
    { url = "https://files.pythonhosted.org/packages/54/98/07f90ecbc74dd5fb5764f11f2bc774d6a7cffef92d2ff5f5b4e9e23c754e/ruff-0.16.8-py3-none-macosx_10_12_x86_64.whl", hash = "sha256:42ed6b878ed61e3acca92f2730a17acff39286944ea82398544696366a6f925e", size = 10165498, upload-time = "2026-09-16T15:54:01.14Z" },
    { url = "https://files.pythonhosted.org/packages/fe/1f/e6a712e3b47cad4a40600134105ed193cb773f618a42eb7ba323cb812cc0/ruff-0.16.8-py3-none-macosx_11_0_arm64.whl", hash = "sha256:7ea781c7f2afba8c6a505ea0fb3f994020249e0c450635f5381286fea6b46170", size = 9830004, upload-time = "2026-09-16T15:54:03.998Z" },
    { url = "https://files.pythonhosted.org/packages/23/f2/311a08776d75d81c7676e20b6b020ae63cbe881fcdc7a8dd64e6e18bdd93/ruff-0.16.8-py3-none-manylinux_2_17_aarch64.manylinux2014_aarch64.whl", hash = "sha256:8efeae3bbe414a5efefda11a792dfb51ef90ac48d50c4830de2f644caf3e8659", size = 9986558, upload-time = "2026-09-16T15:54:06.804Z" },
    { url = "https://files.pythonhosted.org/packages/f3/ed/37b6cb3d3ba8c73e68ae3eb1d502383beb5aa05a582bb7bb3a922f929f54/ruff-0.16.8-py3-none-manylinux_2_17_armv7l.manylinux2014_armv7l.whl", hash = "sha256:3a79b795469fef7fc6e908b218eed2eb17332afd85031db6480dc864560e69b2", size = 9877332, upload-time = "2026-09-16T15:54:09.552Z" },
    { url = "https://files.pythonhosted.org/packages/22/cc/40873a8f36ad084cc540d55fcca7077264d5b13b24659e9180c176fb2b08/ruff-0.16.8-py3-none-manylinux_2_17_i686.manylinux2014_i686.whl", hash = "sha256:3fdc5563cdc50555e6fba39322850860e9267c1b3d12c26a74729d8604c3c812", size = 10507125, upload-time = "2026-09-16T15:54:12.152Z" },
    { url = "https://files.pythonhosted.org/packages/c3/e4/fc91a642b78ccbab6b9477720f3644ae7a10a9bcce69a934679cd64f62bc/ruff-0.16.8-py3-none-manylinux_2_17_ppc64le.manylinux2014_ppc64le.whl", hash = "sha256:34508983c70665578dab88f5223d8e6228307e1135398ca8bfc8b7e9501e282b", size = 11336694, upload-time = "2026-09-16T15:54:15.489Z" },
    { url = "https://files.pythonhosted.org/packages/c2/3d/bbd2a9a600a4e73dc3e7548a249c8d1671273464b55822c6fae50f602dff/ruff-0.16.8-py3-none-manylinux_2_17_s390x.manylinux2014_s390x.whl", hash = "sha256:644bb578569e0ffc575741232bd385dacdd6fbe123f1a729e7a225f54aa3957f", size = 10774448, upload-time = "2026-09-16T15:54:18.16Z" },
    { url = "https://files.pythonhosted.org/packages/1a/41/d83af9879a7b6e8bf5fe16b1da0b134049d2f5d3afac12defb0897cb84bd/ruff-0.16.8-py3-none-manylinux_2_17_x86_64.manylinux2014_x86_64.whl", hash = "sha256:15e7d226246961db9235098333caa13063906d3851136b84c2900b82f5daa1df", size = 10323796, upload-time = "2026-09-16T15:54:20.743Z" },
    { url = "https://files.pythonhosted.org/packages/f5/2c/cefd07bfe914b84943ea769ade8d607bd22750b965d3228eefd7cebd15d0/ruff-0.16.8-py3-none-manylinux_2_31_riscv64.whl", hash = "sha256:a2bf6bc3e9ebdd4449abc6f06cf64b98051a2c61cf94d2fe9596518c881f1a1e", size = 10514115, upload-time = "2026-09-16T15:54:23.497Z" },
    { url = "https://files.pythonhosted.org/packages/f3/9d/76a2e26c79a23be6e6e3664c57bec9e9fc8de155cfb9e4b67ea91b64f9d7/ruff-0.16.8-py3-none-musllinux_1_2_aarch64.whl", hash = "sha256:6ca111ba0849539165e9e59d2b442542f3c1e8060ebbdea82494f1ffbccb1e1f", size = 10072582, upload-time = "2026-09-16T15:54:26.185Z" },
    { url = "https://files.pythonhosted.org/packages/2e/d4/f42edddb39668af1a559ceafa3823aedd65633a48dc9768e775485faa2c1/ruff-0.16.8-py3-none-musllinux_1_2_armv7l.whl", hash = "sha256:359a1e5b495448ee1e91018064382ebc86f90e8aac2fed222c7d0e4e8df85fd2", size = 9879644, upload-time = "2026-09-16T15:54:29.278Z" },
    { url = "https://files.pythonhosted.org/packages/f8/d4/913e3195d95e0378786c6656945c865f534a3560e29139da4882aff630d1/ruff-0.16.8-py3-none-musllinux_1_2_i686.whl", hash = "sha256:59e8f5681349474110b24d62e93cfda6593f5fa3473446ca3705200cac1a08b9", size = 10231569, upload-time = "2026-09-16T15:54:32.036Z" },
    { url = "https://files.pythonhosted.org/packages/2b/c4/8aa6ea0bdcedbd1bf87397e2fc4ed8406448ea5842f8660bc6e5f163039d/ruff-0.16.8-py3-none-musllinux_1_2_x86_64.whl", hash = "sha256:efa3e7a16d1baaa79957888dfdf8be9ef2e44db81cb032af06d76632ab59e773", size = 10663666, upload-time = "2026-09-16T15:54:34.838Z" },
    { url = "https://files.pythonhosted.org/packages/3d/02/7f10ef4700bc223c30a3fdd10631a29830c45524b810a3c7ed947af64591/ruff-0.16.8-py3-none-win32.whl", hash = "sha256:55793ba85c69921e89be061426d91a78652d6e50317c962240922747a4eb713f", size = 10093472, upload-time = "2026-09-16T15:54:37.47Z" },
    { url = "https://files.pythonhosted.org/packages/1e/5d/a509c07d714b6da88f2c518b4637cf6f1d46b074be8f0f1e5fb9ff5126fe/ruff-0.16.8-py3-none-win_amd64.whl", hash = "sha256:a6b85621fd3c81e31fc5f5add09c9c078b430db3595ca632efafdec9e64ebfaa", size = 10586899, upload-time = "2026-09-16T15:54:40.488Z" },
    { url = "https://files.pythonhosted.org/packages/fe/a0/50787329e4f20bf9dc9f6230015d46ec69c51a97ace5bc202dae4755365d/ruff-0.16.8-py3-none-win_arm64.whl", hash = "sha256:d075e820af612102ce217f07cc93e69f9490b10ec13ea85fa87bd03d996cef8a", size = 10386316, upload-time = "2026-09-16T15:54:43.332Z" },
]

[[package]]
name = "tenacity"
version = "9.1.2"
source = { registry = "https://pypi.org/simple" }
sdist = { url = "https://files.pythonhosted.org/packages/0a/d4/2b0cd0fe285e14b36db076e78c93766ff1d529d70408bd1d2a5a84f1d929/tenacity-9.1.2.tar.gz", hash = "sha256:1169d376c297e7de388d18b4481760d478b0e99a777cad3a9c86e556f4b697cb", size = 48036, upload-time = "2025-04-02T08:25:09.966Z" }
wheels = [
    { url = "https://files.pythonhosted.org/packages/e5/30/643397144bfbfec6f6ef821f36f33e57d35946c44a2352d3c9f0ae847619/tenacity-9.1.2-py3-none-any.whl", hash = "sha256:f77bf36710d8b73a50b2dd155c97b870017ad21afe6ab300326b0371b3b05138", size = 28248, upload-time = "2025-04-02T08:25:07.678Z" },
]

[[package]]
name = "tqdm"
version = "4.67.1"
source = { registry = "https://pypi.org/simple" }
dependencies = [
    { name = "colorama", marker = "sys_platform == 'win32'" },
]
sdist = { url = "https://files.pythonhosted.org/packages/a8/4b/29b4ef32e036bb34e4ab51796dd745cdba7ed47ad142a9f4a1eb8e0c744d/tqdm-4.67.1.tar.gz", hash = "sha256:f8aef9c52c08c13a65f30ea34f4e5aac3fd1a34959879d7e59e63027286627f2", size = 169737, upload-time = "2024-11-24T20:12:22.481Z" }
wheels = [
    { url = "https://files.pythonhosted.org/packages/d0/30/dc54f88dd4a2b5dc8a0279bdd7270e735851848b762aeb1c1184ed1f6b14/tqdm-4.67.1-py3-none-any.whl", hash = "sha256:26445eca388f82e72884e0d580d5464cd801a3ea01e63e5601bdff9ba6a48de2", size = 78540, upload-time = "2024-11-24T20:12:19.698Z" },
]

[[package]]
name = "ty"
version = "0.0.81"
source = { registry = "https://pypi.org/simple" }
sdist = { url = "https://files.pythonhosted.org/packages/61/b7/c9d736f48585f5a711ea47bb97a353d3771834f89481d747ea9687b74fa9/ty-0.0.81.tar.gz", hash = "sha256:ef721aa649bf41d665ba86e1ea726fd3feab6800e2c4887a062a704baf304ca8", size = 7225871, upload-time = "2026-09-15T02:05:29.536Z" }
wheels = [
    { url = "https://files.pythonhosted.org/packages/6c/70/649a5ec8fd6cc9dfa731c905523b19e677ad36dd9dcc4fcadfed8235507f/ty-0.0.81-py3-none-linux_armv6l.whl", hash = "sha256:8e9e3dd6edb1462633ddba2bf337d1c05023a5a13c2f315e445565c7ad43d247", size = 13679646, upload-time = "2026-09-15T02:04:51.436Z" },
    { url = "https://files.pythonhosted.org/packages/b5/d0/3769b760918c3dde1bbaeee87422cd442fc550baadb5c8621e479b363282/ty-0.0.81-py3-none-macosx_10_12_x86_64.whl", hash = "sha256:649c350873e4b3e937d856512ee57b8a345d80079cbead73a5308c2cdafe594c", size = 13211367, upload-time = "2026-09-15T02:04:54.18Z" },
    { url = "https://files.pythonhosted.org/packages/f8/5f/b8fe3ab7eee87bbf1f5ff1b65c55526a3f31a9604630bc9e7d84199bbac5/ty-0.0.81-py3-none-macosx_11_0_arm64.whl", hash = "sha256:480c78706ba78239f901d68cf1ba53e98b84aa51e19b9241daa0fb62fdecd2e2", size = 13084312, upload-time = "2026-09-15T02:04:56.133Z" },
    { url = "https://files.pythonhosted.org/packages/7f/d8/ce22278014f14ae8205d2f9622696d39c623a0c9e80056c258bb89bb8322/ty-0.0.81-py3-none-manylinux_2_17_aarch64.manylinux2014_aarch64.whl", hash = "sha256:7cdbfa4b634b1d21542eedc11e424dedcc4871c2128d0d46b55b0089d3220492", size = 13127965, upload-time = "2026-09-15T02:04:58.306Z" },
    { url = "https://files.pythonhosted.org/packages/82/d0/4e75c61f6a241a0804f25117af4f91a5aaa4a48408b57f8d4c34d8a3d91e/ty-0.0.81-py3-none-manylinux_2_17_armv7l.manylinux2014_armv7l.whl", hash = "sha256:5f7a34743a21669d4f3d5fda98c36189cb4d9dceee1415a8a42d7426d55995db", size = 13432523, upload-time = "2026-09-15T02:05:00.471Z" },
    { url = "https://files.pythonhosted.org/packages/0b/02/e0b6b783418515c8ba40c13d5e333da9e0576a7a69582fc2b5831bb7d913/ty-0.0.81-py3-none-manylinux_2_17_i686.manylinux2014_i686.whl", hash = "sha256:742eab849947bc10b4c09810d37bd743afe9502e114b7bcfd6389f0ae3f425aa", size = 14211082, upload-time = "2026-09-15T02:05:02.455Z" },
    { url = "https://files.pythonhosted.org/packages/6b/af/85cb68d13ff617f2b213212d674e1266b933f2d051b63a1e5116e8ca0bfc/ty-0.0.81-py3-none-manylinux_2_17_ppc64le.manylinux2014_ppc64le.whl", hash = "sha256:2b4cef395eee7007449aa3fc3fc8dc6bc58fe7a8956d56db078569061741bf52", size = 14692204, upload-time = "2026-09-15T02:05:04.705Z" },
    { url = "https://files.pythonhosted.org/packages/24/c6/791891f3fa8fec91e9ec3e8c9d6774ab903297defe847a3e5d7e047360ad/ty-0.0.81-py3-none-manylinux_2_17_s390x.manylinux2014_s390x.whl", hash = "sha256:80cf8c34973a1da2ec2a043efcba8f4c0a984d45210957a8ddd2c16f2b8f8e85", size = 14371010, upload-time = "2026-09-15T02:05:06.63Z" },
    { url = "https://files.pythonhosted.org/packages/c7/b2/c9fba5b4ed7f63f26e83432fa2062ca04606b61dce7bbacc1238232af649/ty-0.0.81-py3-none-manylinux_2_17_x86_64.manylinux2014_x86_64.whl", hash = "sha256:f37a8f66c444eea29f17adfe0664f42062520773f18031fd4913f28eb56d2966", size = 13758537, upload-time = "2026-09-15T02:05:08.722Z" },
    { url = "https://files.pythonhosted.org/packages/77/e6/09c41e96bbcbe53dd18c9a1a6dbd2e456b0d03b94440a4bd9bab55a4e19a/ty-0.0.81-py3-none-manylinux_2_31_riscv64.whl", hash = "sha256:e8134cc03e84a27f409877b9b62053fd4aaac9c3ce0ce0fdace8b5ed58d78e04", size = 14280789, upload-time = "2026-09-15T02:05:10.719Z" },
    { url = "https://files.pythonhosted.org/packages/5b/d1/87eb8e01fb17602cde5911cbadb9b11141a04f728dbda0a2a00243f337ca/ty-0.0.81-py3-none-musllinux_1_2_aarch64.whl", hash = "sha256:fb6f269c5f14a07047e05cbf3d06dd9a64a048050f736afcf744a180a272f034", size = 13169638, upload-time = "2026-09-15T02:05:12.806Z" },
    { url = "https://files.pythonhosted.org/packages/94/3c/137ceb792858f408c48f20a066d12ee76108e5f28a13242720879c024172/ty-0.0.81-py3-none-musllinux_1_2_armv7l.whl", hash = "sha256:38355a5e6294ebd3cee616ed581d051963d61b293a1b3351c248747f73a45b74", size = 13449856, upload-time = "2026-09-15T02:05:15.505Z" },
    { url = "https://files.pythonhosted.org/packages/fe/0a/4a9b31fadfc80a2141f3862316eb31944843e01bc1f6533794291cce767e/ty-0.0.81-py3-none-musllinux_1_2_i686.whl", hash = "sha256:59a35e128a9831423aee19db804aa8a1358ee3ce615b3fc0dec20d40bfd0d733", size = 13675303, upload-time = "2026-09-15T02:05:17.537Z" },
    { url = "https://files.pythonhosted.org/packages/e3/16/dbcd2c10ab80b015a227110a4ec75314468b6720d800261098521df4eee9/ty-0.0.81-py3-none-musllinux_1_2_x86_64.whl", hash = "sha256:f0f4219fbc068ea3414fa804c6bd57ef4229a11884ab9ca71cd8308072520aad", size = 14050298, upload-time = "2026-09-15T02:05:20.424Z" },
    { url = "https://files.pythonhosted.org/packages/95/ba/a70ced0c0c078ff09a3a80224d045c4267d07811dbaf125c749af5f72606/ty-0.0.81-py3-none-win32.whl", hash = "sha256:82ff952e64ba4c4da1c0c89723e326c768ae4f9ff20624dee04a51c3f4e4b96c", size = 12866650, upload-time = "2026-09-15T02:05:22.824Z" },
    { url = "https://files.pythonhosted.org/packages/3f/51/4b79453df93dfb9edecb1bd6cb04e772277d8c7260693165358a033b6ed1/ty-0.0.81-py3-none-win_amd64.whl", hash = "sha256:ef82788744da0b7f2a598e4e9776f9c5998df4eef7e2750ae3a5537e7c734b69", size = 13572976, upload-time = "2026-09-15T02:05:24.907Z" },
    { url = "https://files.pythonhosted.org/packages/0a/56/09594d55a0c49543eeac149c0dbc80b9b04409cc26ca48f1c1a9595c0916/ty-0.0.81-py3-none-win_arm64.whl", hash = "sha256:bdb1563990c5d3abfe5a09e7512733f302773ede6a5d3e4e5c6ad46393d8df4d", size = 13364408, upload-time = "2026-09-15T02:05:27.247Z" },
]

[[package]]
name = "urllib3"
version = "2.3.0"
source = { registry = "https://pypi.org/simple" }
sdist = { url = "https://files.pythonhosted.org/packages/aa/63/e53da845320b757bf29ef6a9062f5c669fe997973f966045cb019c3f4b66/urllib3-2.3.0.tar.gz", hash = "sha256:f8c5449b3cf0861679ce7e0503c7b44b5ec981bec0d1d3795a07f1ba96f0204d", size = 307268, upload-time = "2024-12-22T07:47:30.032Z" }
wheels = [
    { url = "https://files.pythonhosted.org/packages/c8/19/4ec628951a74043532ca2cf5d97b7b14863931476d117c471e8e2b1eb39f/urllib3-2.3.0-py3-none-any.whl", hash = "sha256:1cee9ad369867bfdbbb48b7dd50374c0967a0bb7710050facf0dd6911440e3df", size = 128369, upload-time = "2024-12-22T07:47:28.074Z" },
]
